// !$*UTF8*$!
{
	archiveVersion = 1;
	classes = {
	};
	objectVersion = 46;
	objects = {

/* Begin PBXBuildFile section */
		7CF2C5671BE1C53100BB0604 /* main.cpp in Sources */ = {isa = PBXBuildFile; fileRef = 7CF2C5661BE1C53100BB0604 /* main.cpp */; };
/* End PBXBuildFile section */

/* Begin PBXCopyFilesBuildPhase section */
		7CF2C5611BE1C53100BB0604 /* CopyFiles */ = {
			isa = PBXCopyFilesBuildPhase;
			buildActionMask = 2147483647;
			dstPath = /usr/share/man/man1/;
			dstSubfolderSpec = 0;
			files = (
			);
			runOnlyForDeploymentPostprocessing = 1;
		};
/* End PBXCopyFilesBuildPhase section */

/* Begin PBXFileReference section */
		7CF2C5631BE1C53100BB0604 /* Lambda */ = {isa = PBXFileReference; explicitFileType = "compiled.mach-o.executable"; includeInIndex = 0; path = Lambda; sourceTree = BUILT_PRODUCTS_DIR; };
		7CF2C5661BE1C53100BB0604 /* main.cpp */ = {isa = PBXFileReference; lastKnownFileType = sourcecode.cpp.cpp; path = main.cpp; sourceTree = "<group>"; };
/* End PBXFileReference section */

/* Begin PBXFrameworksBuildPhase section */
		7CF2C5601BE1C53100BB0604 /* Frameworks */ = {
			isa = PBXFrameworksBuildPhase;
			buildActionMask = 2147483647;
			files = (
			);
			runOnlyForDeploymentPostprocessing = 0;
		};
/* End PBXFrameworksBuildPhase section */

/* Begin PBXGroup section */
		7CF2C55A1BE1C53100BB0604 = {
			isa = PBXGroup;
			children = (
				7CF2C5651BE1C53100BB0604 /* Lambda */,
				7CF2C5641BE1C53100BB0604 /* Products */,
			);
			sourceTree = "<group>";
		};
		7CF2C5641BE1C53100BB0604 /* Products */ = {
			isa = PBXGroup;
			children = (
				7CF2C5631BE1C53100BB0604 /* Lambda */,
			);
			name = Products;
			sourceTree = "<group>";
		};
		7CF2C5651BE1C53100BB0604 /* Lambda */ = {
			isa = PBXGroup;
			children = (
				7CF2C5661BE1C53100BB0604 /* main.cpp */,
			);
			path = Lambda;
			sourceTree = "<group>";
		};
/* End PBXGroup section */

/* Begin PBXNativeTarget section */
		7CF2C5621BE1C53100BB0604 /* Lambda */ = {
			isa = PBXNativeTarget;
			buildConfigurationList = 7CF2C56A1BE1C53100BB0604 /* Build configuration list for PBXNativeTarget "Lambda" */;
			buildPhases = (
				7CF2C55F1BE1C53100BB0604 /* Sources */,
				7CF2C5601BE1C53100BB0604 /* Frameworks */,
				7CF2C5611BE1C53100BB0604 /* CopyFiles */,
			);
			buildRules = (
			);
			dependencies = (
			);
			name = Lambda;
			productName = Lambda;
			productReference = 7CF2C5631BE1C53100BB0604 /* Lambda */;
			productType = "com.apple.product-type.tool";
		};
/* End PBXNativeTarget section */

/* Begin PBXProject section */
		7CF2C55B1BE1C53100BB0604 /* Project object */ = {
			isa = PBXProject;
			attributes = {
				LastUpgradeCheck = 0700;
				ORGANIZATIONNAME = muyu;
				TargetAttributes = {
					7CF2C5621BE1C53100BB0604 = {
						CreatedOnToolsVersion = 7.0.1;
					};
				};
			};
			buildConfigurationList = 7CF2C55E1BE1C53100BB0604 /* Build configuration list for PBXProject "Lambda" */;
			compatibilityVersion = "Xcode 3.2";
			developmentRegion = English;
			hasScannedForEncodings = 0;
			knownRegions = (
				en,
			);
			mainGroup = 7CF2C55A1BE1C53100BB0604;
			productRefGroup = 7CF2C5641BE1C53100BB0604 /* Products */;
			projectDirPath = "";
			projectRoot = "";
			targets = (
				7CF2C5621BE1C53100BB0604 /* Lambda */,
			);
		};
/* End PBXProject section */

/* Begin PBXSourcesBuildPhase section */
		7CF2C55F1BE1C53100BB0604 /* Sources */ = {
			isa = PBXSourcesBuildPhase;
			buildActionMask = 2147483647;
			files = (
				7CF2C5671BE1C53100BB0604 /* main.cpp in Sources */,
			);
			runOnlyForDeploymentPostprocessing = 0;
		};
/* End PBXSourcesBuildPhase section */

/* Begin XCBuildConfiguration section */
		7CF2C5681BE1C53100BB0604 /* Debug */ = {
			isa = XCBuildConfiguration;
			buildSettings = {
				ALWAYS_SEARCH_USER_PATHS = NO;
				CLANG_CXX_LANGUAGE_STANDARD = "gnu++0x";
				CLANG_CXX_LIBRARY = "libc++";
				CLANG_ENABLE_MODULES = YES;
				CLANG_ENABLE_OBJC_ARC = YES;
				CLANG_WARN_BOOL_CONVERSION = YES;
				CLANG_WARN_CONSTANT_CONVERSION = YES;
				CLANG_WARN_DIRECT_OBJC_ISA_USAGE = YES_ERROR;
				CLANG_WARN_EMPTY_BODY = YES;
				CLANG_WARN_ENUM_CONVERSION = YES;
				CLANG_WARN_INT_CONVERSION = YES;
				CLANG_WARN_OBJC_ROOT_CLASS = YES_ERROR;
				CLANG_WARN_UNREACHABLE_CODE = YES;
				CLANG_WARN__DUPLICATE_METHOD_MATCH = YES;
				COPY_PHASE_STRIP = NO;
				DEBUG_INFORMATION_FORMAT = dwarf;
				ENABLE_STRICT_OBJC_MSGSEND = YES;
				ENABLE_TESTABILITY = YES;
				GCC_C_LANGUAGE_STANDARD = gnu99;
				GCC_DYNAMIC_NO_PIC = NO;
				GCC_NO_COMMON_BLOCKS = YES;
				GCC_OPTIMIZATION_LEVEL = 0;
				GCC_PREPROCESSOR_DEFINITIONS = (
					"DEBUG=1",
					"$(inherited)",
				);
				GCC_WARN_64_TO_32_BIT_CONVERSION = YES;
				GCC_WARN_ABOUT_RETURN_TYPE = YES_ERROR;
				GCC_WARN_UNDECLARED_SELECTOR = YES;
				GCC_WARN_UNINITIALIZED_AUTOS = YES_AGGRESSIVE;
				GCC_WARN_UNUSED_FUNCTION = YES;
				GCC_WARN_UNUSED_VARIABLE = YES;
				MACOSX_DEPLOYMENT_TARGET = 10.10;
				MTL_ENABLE_DEBUG_INFO = YES;
				ONLY_ACTIVE_ARCH = YES;
				SDKROOT = macosx;
			};
			name = Debug;
		};
		7CF2C5691BE1C53100BB0604 /* Release */ = {
			isa = XCBuildConfiguration;
			buildSettings = {
				ALWAYS_SEARCH_USER_PATHS = NO;
				CLANG_CXX_LANGUAGE_STANDARD = "gnu++0x";
				CLANG_CXX_LIBRARY = "libc++";
				CLANG_ENABLE_MODULES = YES;
				CLANG_ENABLE_OBJC_ARC = YES;
				CLANG_WARN_BOOL_CONVERSION = YES;
				CLANG_WARN_CONSTANT_CONVERSION = YES;
				CLANG_WARN_DIRECT_OBJC_ISA_USAGE = YES_ERROR;
				CLANG_WARN_EMPTY_BODY = YES;
				CLANG_WARN_ENUM_CONVERSION = YES;
				CLANG_WARN_INT_CONVERSION = YES;
				CLANG_WARN_OBJC_ROOT_CLASS = YES_ERROR;
				CLANG_WARN_UNREACHABLE_CODE = YES;
				CLANG_WARN__DUPLICATE_METHOD_MATCH = YES;
				COPY_PHASE_STRIP = NO;
				DEBUG_INFORMATION_FORMAT = "dwarf-with-dsym";
				ENABLE_NS_ASSERTIONS = NO;
				ENABLE_STRICT_OBJC_MSGSEND = YES;
				GCC_C_LANGUAGE_STANDARD = gnu99;
				GCC_NO_COMMON_BLOCKS = YES;
				GCC_WARN_64_TO_32_BIT_CONVERSION = YES;
				GCC_WARN_ABOUT_RETURN_TYPE = YES_ERROR;
				GCC_WARN_UNDECLARED_SELECTOR = YES;
				GCC_WARN_UNINITIALIZED_AUTOS = YES_AGGRESSIVE;
				GCC_WARN_UNUSED_FUNCTION = YES;
				GCC_WARN_UNUSED_VARIABLE = YES;
				MACOSX_DEPLOYMENT_TARGET = 10.10;
				MTL_ENABLE_DEBUG_INFO = NO;
				SDKROOT = macosx;
			};
			name = Release;
		};
		7CF2C56B1BE1C53100BB0604 /* Debug */ = {
			isa = XCBuildConfiguration;
			buildSettings = {
				PRODUCT_NAME = "$(TARGET_NAME)";
			};
			name = Debug;
		};
		7CF2C56C1BE1C53100BB0604 /* Release */ = {
			isa = XCBuildConfiguration;
			buildSettings = {
				PRODUCT_NAME = "$(TARGET_NAME)";
			};
			name = Release;
		};
/* End XCBuildConfiguration section */

/* Begin XCConfigurationList section */
		7CF2C55E1BE1C53100BB0604 /* Build configuration list for PBXProject "Lambda" */ = {
			isa = XCConfigurationList;
			buildConfigurations = (
				7CF2C5681BE1C53100BB0604 /* Debug */,
				7CF2C5691BE1C53100BB0604 /* Release */,
			);
			defaultConfigurationIsVisible = 0;
			defaultConfigurationName = Release;
		};
		7CF2C56A1BE1C53100BB0604 /* Build configuration list for PBXNativeTarget "Lambda" */ = {
			isa = XCConfigurationList;
			buildConfigurations = (
				7CF2C56B1BE1C53100BB0604 /* Debug */,
				7CF2C56C1BE1C53100BB0604 /* Release */,
			);
			defaultConfigurationIsVisible = 0;
		};
/* End XCConfigurationList section */
	};
	rootObject = 7CF2C55B1BE1C53100BB0604 /* Project object */;
}
